
Microsoft Visual Studio Solution File, Format Version 12.00
# Visual Studio Version 16
VisualStudioVersion = 16.0.33927.289
MinimumVisualStudioVersion = 10.0.40219.1
Project("{2150E333-8FDC-42A3-9474-1A3956D46DE8}") = "Task0", "Task0", "{65C007E6-73E3-4269-8063-9B84D08AF6C7}"
EndProject
Project("{FAE04EC0-301F-11D3-BF4B-00C04F79EFBC}") = "Tyuiu.MotorovaDD.Sprint1.Task0.V12", "Tyuiu.MotorovaDD.Sprint1.Task0.V12\Tyuiu.MotorovaDD.Sprint1.Task0.V12.csproj", "{E5D89C66-A51B-4551-93F4-3C41823B42A3}"
EndProject
Project("{FAE04EC0-301F-11D3-BF4B-00C04F79EFBC}") = "Tyuiu.MotorovaDD.Sprint1.Task0.V12.Lib", "Tyuiu.MotorovaDD.Sprint1.Task0.V12.Lib\Tyuiu.MotorovaDD.Sprint1.Task0.V12.Lib.csproj", "{FFD5A0B0-CF63-4FE5-9425-358FEBAEE9C6}"
EndProject
Project("{FAE04EC0-301F-11D3-BF4B-00C04F79EFBC}") = "Tyuiu.MotorovaDD.Sprint1.Task0.V12.Test", "Tyuiu.MotorovaDD.Sprint1.Task0.V12.Test\Tyuiu.MotorovaDD.Sprint1.Task0.V12.Test.csproj", "{B25A123B-05FE-41C0-B11E-AA6D3EF9C20F}"
EndProject
Project("{2150E333-8FDC-42A3-9474-1A3956D46DE8}") = "Task1", "Task1", "{8F90666F-57F2-469C-8503-A4954C0D4BB4}"
EndProject
Project("{FAE04EC0-301F-11D3-BF4B-00C04F79EFBC}") = "Tyuiu.MotorovaDD.Sprint1.Task1.V3", "Tyuiu.MotorovaDD.Sprint1.Task1.V3\Tyuiu.MotorovaDD.Sprint1.Task1.V3.csproj", "{84381FED-640E-4734-A510-85370466D927}"
EndProject
Project("{FAE04EC0-301F-11D3-BF4B-00C04F79EFBC}") = "Tyuiu.MotorovaDD.Sprint1.Task1.V3.Test", "Tyuiu.MotorovaDD.Sprint1.Task1.V3.Test\Tyuiu.MotorovaDD.Sprint1.Task1.V3.Test.csproj", "{4B2CD673-C9CC-43CC-844C-D23B2EF799D2}"
EndProject
Project("{FAE04EC0-301F-11D3-BF4B-00C04F79EFBC}") = "Tyuiu.MotorovaDD.Sprint1.Task1.V3.Lib", "Tyuiu.MotorovaDD.Sprint1.Task1.V3.LIB\Tyuiu.MotorovaDD.Sprint1.Task1.V3.Lib.csproj", "{EE94D5C0-0BEF-4918-9592-71011DDE6159}"
EndProject
Global
	GlobalSection(SolutionConfigurationPlatforms) = preSolution
		Debug|Any CPU = Debug|Any CPU
		Release|Any CPU = Release|Any CPU
	EndGlobalSection
	GlobalSection(ProjectConfigurationPlatforms) = postSolution
		{E5D89C66-A51B-4551-93F4-3C41823B42A3}.Debug|Any CPU.ActiveCfg = Debug|Any CPU
		{E5D89C66-A51B-4551-93F4-3C41823B42A3}.Debug|Any CPU.Build.0 = Debug|Any CPU
		{E5D89C66-A51B-4551-93F4-3C41823B42A3}.Release|Any CPU.ActiveCfg = Release|Any CPU
		{E5D89C66-A51B-4551-93F4-3C41823B42A3}.Release|Any CPU.Build.0 = Release|Any CPU
		{FFD5A0B0-CF63-4FE5-9425-358FEBAEE9C6}.Debug|Any CPU.ActiveCfg = Debug|Any CPU
		{FFD5A0B0-CF63-4FE5-9425-358FEBAEE9C6}.Debug|Any CPU.Build.0 = Debug|Any CPU
		{FFD5A0B0-CF63-4FE5-9425-358FEBAEE9C6}.Release|Any CPU.ActiveCfg = Release|Any CPU
		{FFD5A0B0-CF63-4FE5-9425-358FEBAEE9C6}.Release|Any CPU.Build.0 = Release|Any CPU
		{B25A123B-05FE-41C0-B11E-AA6D3EF9C20F}.Debug|Any CPU.ActiveCfg = Debug|Any CPU
		{B25A123B-05FE-41C0-B11E-AA6D3EF9C20F}.Debug|Any CPU.Build.0 = Debug|Any CPU
		{B25A123B-05FE-41C0-B11E-AA6D3EF9C20F}.Release|Any CPU.ActiveCfg = Release|Any CPU
		{B25A123B-05FE-41C0-B11E-AA6D3EF9C20F}.Release|Any CPU.Build.0 = Release|Any CPU
		{84381FED-640E-4734-A510-85370466D927}.Debug|Any CPU.ActiveCfg = Debug|Any CPU
		{84381FED-640E-4734-A510-85370466D927}.Debug|Any CPU.Build.0 = Debug|Any CPU
		{84381FED-640E-4734-A510-85370466D927}.Release|Any CPU.ActiveCfg = Release|Any CPU
		{84381FED-640E-4734-A510-85370466D927}.Release|Any CPU.Build.0 = Release|Any CPU
		{4B2CD673-C9CC-43CC-844C-D23B2EF799D2}.Debug|Any CPU.ActiveCfg = Debug|Any CPU
		{4B2CD673-C9CC-43CC-844C-D23B2EF799D2}.Debug|Any CPU.Build.0 = Debug|Any CPU
		{4B2CD673-C9CC-43CC-844C-D23B2EF799D2}.Release|Any CPU.ActiveCfg = Release|Any CPU
		{4B2CD673-C9CC-43CC-844C-D23B2EF799D2}.Release|Any CPU.Build.0 = Release|Any CPU
		{EE94D5C0-0BEF-4918-9592-71011DDE6159}.Debug|Any CPU.ActiveCfg = Debug|Any CPU
		{EE94D5C0-0BEF-4918-9592-71011DDE6159}.Debug|Any CPU.Build.0 = Debug|Any CPU
		{EE94D5C0-0BEF-4918-9592-71011DDE6159}.Release|Any CPU.ActiveCfg = Release|Any CPU
		{EE94D5C0-0BEF-4918-9592-71011DDE6159}.Release|Any CPU.Build.0 = Release|Any CPU
	EndGlobalSection
	GlobalSection(SolutionProperties) = preSolution
		HideSolutionNode = FALSE
	EndGlobalSection
	GlobalSection(NestedProjects) = preSolution
		{E5D89C66-A51B-4551-93F4-3C41823B42A3} = {65C007E6-73E3-4269-8063-9B84D08AF6C7}
		{FFD5A0B0-CF63-4FE5-9425-358FEBAEE9C6} = {65C007E6-73E3-4269-8063-9B84D08AF6C7}
		{B25A123B-05FE-41C0-B11E-AA6D3EF9C20F} = {65C007E6-73E3-4269-8063-9B84D08AF6C7}
		{84381FED-640E-4734-A510-85370466D927} = {8F90666F-57F2-469C-8503-A4954C0D4BB4}
		{4B2CD673-C9CC-43CC-844C-D23B2EF799D2} = {8F90666F-57F2-469C-8503-A4954C0D4BB4}
		{EE94D5C0-0BEF-4918-9592-71011DDE6159} = {8F90666F-57F2-469C-8503-A4954C0D4BB4}
	EndGlobalSection
	GlobalSection(ExtensibilityGlobals) = postSolution
		SolutionGuid = {1B9B87BC-D034-457B-BD39-BA04A26AFE45}
	EndGlobalSection
EndGlobal
