
Microsoft Visual Studio Solution File, Format Version 12.00
# Visual Studio Version 16
VisualStudioVersion = 16.0.33927.289
MinimumVisualStudioVersion = 10.0.40219.1
Project("{2150E333-8FDC-42A3-9474-1A3956D46DE8}") = "Task0", "Task0", "{65C007E6-73E3-4269-8063-9B84D08AF6C7}"
EndProject
Project("{FAE04EC0-301F-11D3-BF4B-00C04F79EFBC}") = "Tyuiu.MotorovaDD.Sprint1.Task0.V12", "Tyuiu.MotorovaDD.Sprint1.Task0.V12\Tyuiu.MotorovaDD.Sprint1.Task0.V12.csproj", "{E5D89C66-A51B-4551-93F4-3C41823B42A3}"
EndProject
Project("{FAE04EC0-301F-11D3-BF4B-00C04F79EFBC}") = "Tyuiu.MotorovaDD.Sprint1.Task0.V12.Lib", "Tyuiu.MotorovaDD.Sprint1.Task0.V12.Lib\Tyuiu.MotorovaDD.Sprint1.Task0.V12.Lib.csproj", "{FFD5A0B0-CF63-4FE5-9425-358FEBAEE9C6}"
EndProject
Project("{FAE04EC0-301F-11D3-BF4B-00C04F79EFBC}") = "Tyuiu.MotorovaDD.Sprint1.Task0.V12.Test", "Tyuiu.MotorovaDD.Sprint1.Task0.V12.Test\Tyuiu.MotorovaDD.Sprint1.Task0.V12.Test.csproj", "{B25A123B-05FE-41C0-B11E-AA6D3EF9C20F}"
EndProject
Project("{2150E333-8FDC-42A3-9474-1A3956D46DE8}") = "Task1", "Task1", "{8F90666F-57F2-469C-8503-A4954C0D4BB4}"
EndProject
Project("{FAE04EC0-301F-11D3-BF4B-00C04F79EFBC}") = "Tyuiu.MotorovaDD.Sprint1.Task1.V3", "Tyuiu.MotorovaDD.Sprint1.Task1.V3\Tyuiu.MotorovaDD.Sprint1.Task1.V3.csproj", "{84381FED-640E-4734-A510-85370466D927}"
EndProject
Project("{FAE04EC0-301F-11D3-BF4B-00C04F79EFBC}") = "Tyuiu.MotorovaDD.Sprint1.Task1.V3.Test", "Tyuiu.MotorovaDD.Sprint1.Task1.V3.Test\Tyuiu.MotorovaDD.Sprint1.Task1.V3.Test.csproj", "{4B2CD673-C9CC-43CC-844C-D23B2EF799D2}"
EndProject
Project("{FAE04EC0-301F-11D3-BF4B-00C04F79EFBC}") = "Tyuiu.MotorovaDD.Sprint1.Task1.V3.Lib", "Tyuiu.MotorovaDD.Sprint1.Task1.V3.LIB\Tyuiu.MotorovaDD.Sprint1.Task1.V3.Lib.csproj", "{EE94D5C0-0BEF-4918-9592-71011DDE6159}"
EndProject
Project("{2150E333-8FDC-42A3-9474-1A3956D46DE8}") = "Task3", "Task3", "{7622668A-0D4D-41D8-A137-FA11B1179441}"
EndProject
Project("{FAE04EC0-301F-11D3-BF4B-00C04F79EFBC}") = "Tyuiu.MotorovaDD.Sprint1.Task3.V4.Test", "Tyuiu.MotorovaDD.Sprint1.Task3.V4.Test\Tyuiu.MotorovaDD.Sprint1.Task3.V4.Test.csproj", "{EF79BC16-63B3-4124-9B91-9772E0EBE4FC}"
EndProject
Project("{FAE04EC0-301F-11D3-BF4B-00C04F79EFBC}") = "Tyuiu.MotorovaDD.Sprint1.Task3.V4.Lib", "Tyuiu.MotorovaDD.Sprint1.Task3.V4.Lib\Tyuiu.MotorovaDD.Sprint1.Task3.V4.Lib.csproj", "{272EFB00-4F11-43DF-8996-BE0BC41C9FBD}"
EndProject
Project("{FAE04EC0-301F-11D3-BF4B-00C04F79EFBC}") = "Tyuiu.MotorovaDD.Sprint1.Task3.V4", "Tyuiu.MotorovaDD.Sprint1.Task3.V4\Tyuiu.MotorovaDD.Sprint1.Task3.V4.csproj", "{ADD41183-FC95-4747-861B-7B4212E9CAEC}"
EndProject
Project("{2150E333-8FDC-42A3-9474-1A3956D46DE8}") = "Task4", "Task4", "{2FD9093E-1353-4C6C-A29B-F3A22C351E49}"
EndProject
Project("{FAE04EC0-301F-11D3-BF4B-00C04F79EFBC}") = "Tyuiu.MotorovaDD.Sprint1.Task4.V25", "Tyuiu.MotorovaDD.Sprint1.Task4.V25\Tyuiu.MotorovaDD.Sprint1.Task4.V25.csproj", "{3F904A15-4B0F-4433-8FBC-27B029EE88BE}"
EndProject
Project("{FAE04EC0-301F-11D3-BF4B-00C04F79EFBC}") = "Tyuiu.MotorovaDD.Sprint1.Task4.V25.Lib", "Tyuiu.MotorovaDD.Sprint1.Task4.V25.Lib\Tyuiu.MotorovaDD.Sprint1.Task4.V25.Lib.csproj", "{EA26873C-C603-44CD-BF95-5A1B24D39C58}"
EndProject
Project("{FAE04EC0-301F-11D3-BF4B-00C04F79EFBC}") = "Tyuiu.MotorovaDD.Sprint1.Task4.V25.Test", "Tyuiu.MotorovaDD.Sprint1.Task4.V25.Test\Tyuiu.MotorovaDD.Sprint1.Task4.V25.Test.csproj", "{BCC91BBB-0CC5-4D9F-AA84-4D65C2176E8F}"
EndProject
Project("{2150E333-8FDC-42A3-9474-1A3956D46DE8}") = "Task5", "Task5", "{91561D49-4527-4679-980F-14A8167CABB8}"
EndProject
Project("{FAE04EC0-301F-11D3-BF4B-00C04F79EFBC}") = "Tyuiu.MotorovaDD.Sprint1.Task5.V2", "Tyuiu.MotorovaDD.Sprint1.Task5.V2\Tyuiu.MotorovaDD.Sprint1.Task5.V2.csproj", "{E1D6E89C-938D-4962-ACC0-2E74901910AA}"
EndProject
Project("{FAE04EC0-301F-11D3-BF4B-00C04F79EFBC}") = "Tyuiu.MotorovaDD.Sprint1.Task5.V2.Test", "Tyuiu.MotorovaDD.Sprint1.Task5.V2.Test\Tyuiu.MotorovaDD.Sprint1.Task5.V2.Test.csproj", "{89DAE45D-6249-44E0-8829-204CE2D1C370}"
EndProject
Project("{FAE04EC0-301F-11D3-BF4B-00C04F79EFBC}") = "Tyuiu.MotorovaDD.Sprint1.Task5.V2.Lib", "Tyuiu.MotorovaDD.Sprint1.Task5.V2.Lib\Tyuiu.MotorovaDD.Sprint1.Task5.V2.Lib.csproj", "{44177A4E-3D92-4E56-8603-912909F71D89}"
EndProject
Global
	GlobalSection(SolutionConfigurationPlatforms) = preSolution
		Debug|Any CPU = Debug|Any CPU
		Release|Any CPU = Release|Any CPU
	EndGlobalSection
	GlobalSection(ProjectConfigurationPlatforms) = postSolution
		{E5D89C66-A51B-4551-93F4-3C41823B42A3}.Debug|Any CPU.ActiveCfg = Debug|Any CPU
		{E5D89C66-A51B-4551-93F4-3C41823B42A3}.Debug|Any CPU.Build.0 = Debug|Any CPU
		{E5D89C66-A51B-4551-93F4-3C41823B42A3}.Release|Any CPU.ActiveCfg = Release|Any CPU
		{E5D89C66-A51B-4551-93F4-3C41823B42A3}.Release|Any CPU.Build.0 = Release|Any CPU
		{FFD5A0B0-CF63-4FE5-9425-358FEBAEE9C6}.Debug|Any CPU.ActiveCfg = Debug|Any CPU
		{FFD5A0B0-CF63-4FE5-9425-358FEBAEE9C6}.Debug|Any CPU.Build.0 = Debug|Any CPU
		{FFD5A0B0-CF63-4FE5-9425-358FEBAEE9C6}.Release|Any CPU.ActiveCfg = Release|Any CPU
		{FFD5A0B0-CF63-4FE5-9425-358FEBAEE9C6}.Release|Any CPU.Build.0 = Release|Any CPU
		{B25A123B-05FE-41C0-B11E-AA6D3EF9C20F}.Debug|Any CPU.ActiveCfg = Debug|Any CPU
		{B25A123B-05FE-41C0-B11E-AA6D3EF9C20F}.Debug|Any CPU.Build.0 = Debug|Any CPU
		{B25A123B-05FE-41C0-B11E-AA6D3EF9C20F}.Release|Any CPU.ActiveCfg = Release|Any CPU
		{B25A123B-05FE-41C0-B11E-AA6D3EF9C20F}.Release|Any CPU.Build.0 = Release|Any CPU
		{84381FED-640E-4734-A510-85370466D927}.Debug|Any CPU.ActiveCfg = Debug|Any CPU
		{84381FED-640E-4734-A510-85370466D927}.Debug|Any CPU.Build.0 = Debug|Any CPU
		{84381FED-640E-4734-A510-85370466D927}.Release|Any CPU.ActiveCfg = Release|Any CPU
		{84381FED-640E-4734-A510-85370466D927}.Release|Any CPU.Build.0 = Release|Any CPU
		{4B2CD673-C9CC-43CC-844C-D23B2EF799D2}.Debug|Any CPU.ActiveCfg = Debug|Any CPU
		{4B2CD673-C9CC-43CC-844C-D23B2EF799D2}.Debug|Any CPU.Build.0 = Debug|Any CPU
		{4B2CD673-C9CC-43CC-844C-D23B2EF799D2}.Release|Any CPU.ActiveCfg = Release|Any CPU
		{4B2CD673-C9CC-43CC-844C-D23B2EF799D2}.Release|Any CPU.Build.0 = Release|Any CPU
		{EE94D5C0-0BEF-4918-9592-71011DDE6159}.Debug|Any CPU.ActiveCfg = Debug|Any CPU
		{EE94D5C0-0BEF-4918-9592-71011DDE6159}.Debug|Any CPU.Build.0 = Debug|Any CPU
		{EE94D5C0-0BEF-4918-9592-71011DDE6159}.Release|Any CPU.ActiveCfg = Release|Any CPU
		{EE94D5C0-0BEF-4918-9592-71011DDE6159}.Release|Any CPU.Build.0 = Release|Any CPU
		{EF79BC16-63B3-4124-9B91-9772E0EBE4FC}.Debug|Any CPU.ActiveCfg = Debug|Any CPU
		{EF79BC16-63B3-4124-9B91-9772E0EBE4FC}.Debug|Any CPU.Build.0 = Debug|Any CPU
		{EF79BC16-63B3-4124-9B91-9772E0EBE4FC}.Release|Any CPU.ActiveCfg = Release|Any CPU
		{EF79BC16-63B3-4124-9B91-9772E0EBE4FC}.Release|Any CPU.Build.0 = Release|Any CPU
		{272EFB00-4F11-43DF-8996-BE0BC41C9FBD}.Debug|Any CPU.ActiveCfg = Debug|Any CPU
		{272EFB00-4F11-43DF-8996-BE0BC41C9FBD}.Debug|Any CPU.Build.0 = Debug|Any CPU
		{272EFB00-4F11-43DF-8996-BE0BC41C9FBD}.Release|Any CPU.ActiveCfg = Release|Any CPU
		{272EFB00-4F11-43DF-8996-BE0BC41C9FBD}.Release|Any CPU.Build.0 = Release|Any CPU
		{ADD41183-FC95-4747-861B-7B4212E9CAEC}.Debug|Any CPU.ActiveCfg = Debug|Any CPU
		{ADD41183-FC95-4747-861B-7B4212E9CAEC}.Debug|Any CPU.Build.0 = Debug|Any CPU
		{ADD41183-FC95-4747-861B-7B4212E9CAEC}.Release|Any CPU.ActiveCfg = Release|Any CPU
		{ADD41183-FC95-4747-861B-7B4212E9CAEC}.Release|Any CPU.Build.0 = Release|Any CPU
		{3F904A15-4B0F-4433-8FBC-27B029EE88BE}.Debug|Any CPU.ActiveCfg = Debug|Any CPU
		{3F904A15-4B0F-4433-8FBC-27B029EE88BE}.Debug|Any CPU.Build.0 = Debug|Any CPU
		{3F904A15-4B0F-4433-8FBC-27B029EE88BE}.Release|Any CPU.ActiveCfg = Release|Any CPU
		{3F904A15-4B0F-4433-8FBC-27B029EE88BE}.Release|Any CPU.Build.0 = Release|Any CPU
		{EA26873C-C603-44CD-BF95-5A1B24D39C58}.Debug|Any CPU.ActiveCfg = Debug|Any CPU
		{EA26873C-C603-44CD-BF95-5A1B24D39C58}.Debug|Any CPU.Build.0 = Debug|Any CPU
		{EA26873C-C603-44CD-BF95-5A1B24D39C58}.Release|Any CPU.ActiveCfg = Release|Any CPU
		{EA26873C-C603-44CD-BF95-5A1B24D39C58}.Release|Any CPU.Build.0 = Release|Any CPU
		{BCC91BBB-0CC5-4D9F-AA84-4D65C2176E8F}.Debug|Any CPU.ActiveCfg = Debug|Any CPU
		{BCC91BBB-0CC5-4D9F-AA84-4D65C2176E8F}.Debug|Any CPU.Build.0 = Debug|Any CPU
		{BCC91BBB-0CC5-4D9F-AA84-4D65C2176E8F}.Release|Any CPU.ActiveCfg = Release|Any CPU
		{BCC91BBB-0CC5-4D9F-AA84-4D65C2176E8F}.Release|Any CPU.Build.0 = Release|Any CPU
		{E1D6E89C-938D-4962-ACC0-2E74901910AA}.Debug|Any CPU.ActiveCfg = Debug|Any CPU
		{E1D6E89C-938D-4962-ACC0-2E74901910AA}.Debug|Any CPU.Build.0 = Debug|Any CPU
		{E1D6E89C-938D-4962-ACC0-2E74901910AA}.Release|Any CPU.ActiveCfg = Release|Any CPU
		{E1D6E89C-938D-4962-ACC0-2E74901910AA}.Release|Any CPU.Build.0 = Release|Any CPU
		{89DAE45D-6249-44E0-8829-204CE2D1C370}.Debug|Any CPU.ActiveCfg = Debug|Any CPU
		{89DAE45D-6249-44E0-8829-204CE2D1C370}.Debug|Any CPU.Build.0 = Debug|Any CPU
		{89DAE45D-6249-44E0-8829-204CE2D1C370}.Release|Any CPU.ActiveCfg = Release|Any CPU
		{89DAE45D-6249-44E0-8829-204CE2D1C370}.Release|Any CPU.Build.0 = Release|Any CPU
		{44177A4E-3D92-4E56-8603-912909F71D89}.Debug|Any CPU.ActiveCfg = Debug|Any CPU
		{44177A4E-3D92-4E56-8603-912909F71D89}.Debug|Any CPU.Build.0 = Debug|Any CPU
		{44177A4E-3D92-4E56-8603-912909F71D89}.Release|Any CPU.ActiveCfg = Release|Any CPU
		{44177A4E-3D92-4E56-8603-912909F71D89}.Release|Any CPU.Build.0 = Release|Any CPU
	EndGlobalSection
	GlobalSection(SolutionProperties) = preSolution
		HideSolutionNode = FALSE
	EndGlobalSection
	GlobalSection(NestedProjects) = preSolution
		{E5D89C66-A51B-4551-93F4-3C41823B42A3} = {65C007E6-73E3-4269-8063-9B84D08AF6C7}
		{FFD5A0B0-CF63-4FE5-9425-358FEBAEE9C6} = {65C007E6-73E3-4269-8063-9B84D08AF6C7}
		{B25A123B-05FE-41C0-B11E-AA6D3EF9C20F} = {65C007E6-73E3-4269-8063-9B84D08AF6C7}
		{84381FED-640E-4734-A510-85370466D927} = {8F90666F-57F2-469C-8503-A4954C0D4BB4}
		{4B2CD673-C9CC-43CC-844C-D23B2EF799D2} = {8F90666F-57F2-469C-8503-A4954C0D4BB4}
		{EE94D5C0-0BEF-4918-9592-71011DDE6159} = {8F90666F-57F2-469C-8503-A4954C0D4BB4}
		{EF79BC16-63B3-4124-9B91-9772E0EBE4FC} = {7622668A-0D4D-41D8-A137-FA11B1179441}
		{272EFB00-4F11-43DF-8996-BE0BC41C9FBD} = {7622668A-0D4D-41D8-A137-FA11B1179441}
		{ADD41183-FC95-4747-861B-7B4212E9CAEC} = {7622668A-0D4D-41D8-A137-FA11B1179441}
		{3F904A15-4B0F-4433-8FBC-27B029EE88BE} = {2FD9093E-1353-4C6C-A29B-F3A22C351E49}
		{EA26873C-C603-44CD-BF95-5A1B24D39C58} = {2FD9093E-1353-4C6C-A29B-F3A22C351E49}
		{BCC91BBB-0CC5-4D9F-AA84-4D65C2176E8F} = {2FD9093E-1353-4C6C-A29B-F3A22C351E49}
		{E1D6E89C-938D-4962-ACC0-2E74901910AA} = {91561D49-4527-4679-980F-14A8167CABB8}
		{89DAE45D-6249-44E0-8829-204CE2D1C370} = {91561D49-4527-4679-980F-14A8167CABB8}
		{44177A4E-3D92-4E56-8603-912909F71D89} = {91561D49-4527-4679-980F-14A8167CABB8}
	EndGlobalSection
	GlobalSection(ExtensibilityGlobals) = postSolution
		SolutionGuid = {1B9B87BC-D034-457B-BD39-BA04A26AFE45}
	EndGlobalSection
EndGlobal
